// !$*UTF8*$!
{
	archiveVersion = 1;
	classes = {
	};
	objectVersion = 46;
	objects = {

/* Begin PBXBuildFile section */
		1E1CF680027C7776E11851B8 /* libPods.a in Frameworks */ = {isa = PBXBuildFile; fileRef = 708B9CA225752C9E593E9418 /* libPods.a */; };
		C62D38F41C92185700975DEF /* AppDelegate.swift in Sources */ = {isa = PBXBuildFile; fileRef = C62D38F31C92185700975DEF /* AppDelegate.swift */; };
		C62D38F61C92185700975DEF /* ViewController.swift in Sources */ = {isa = PBXBuildFile; fileRef = C62D38F51C92185700975DEF /* ViewController.swift */; };
		C62D38F91C92185700975DEF /* Main.storyboard in Resources */ = {isa = PBXBuildFile; fileRef = C62D38F71C92185700975DEF /* Main.storyboard */; };
		C62D38FB1C92185700975DEF /* Assets.xcassets in Resources */ = {isa = PBXBuildFile; fileRef = C62D38FA1C92185700975DEF /* Assets.xcassets */; };
		C62D38FE1C92185700975DEF /* LaunchScreen.storyboard in Resources */ = {isa = PBXBuildFile; fileRef = C62D38FC1C92185700975DEF /* LaunchScreen.storyboard */; };
		C62D39061C92249A00975DEF /* Podfile in Resources */ = {isa = PBXBuildFile; fileRef = C62D39051C92249A00975DEF /* Podfile */; };
/* End PBXBuildFile section */

/* Begin PBXFileReference section */
		40AC4E9A3EE8EF6BECEC4122 /* Pods.release.xcconfig */ = {isa = PBXFileReference; includeInIndex = 1; lastKnownFileType = text.xcconfig; name = Pods.release.xcconfig; path = "Pods/Target Support Files/Pods/Pods.release.xcconfig"; sourceTree = "<group>"; };
		708B9CA225752C9E593E9418 /* libPods.a */ = {isa = PBXFileReference; explicitFileType = archive.ar; includeInIndex = 0; path = libPods.a; sourceTree = BUILT_PRODUCTS_DIR; };
		97F593094EF5639B59FEE2D3 /* Pods.debug.xcconfig */ = {isa = PBXFileReference; includeInIndex = 1; lastKnownFileType = text.xcconfig; name = Pods.debug.xcconfig; path = "Pods/Target Support Files/Pods/Pods.debug.xcconfig"; sourceTree = "<group>"; };
		C62D38F01C92185700975DEF /* GymTour.app */ = {isa = PBXFileReference; explicitFileType = wrapper.application; includeInIndex = 0; path = GymTour.app; sourceTree = BUILT_PRODUCTS_DIR; };
		C62D38F31C92185700975DEF /* AppDelegate.swift */ = {isa = PBXFileReference; lastKnownFileType = sourcecode.swift; path = AppDelegate.swift; sourceTree = "<group>"; };
		C62D38F51C92185700975DEF /* ViewController.swift */ = {isa = PBXFileReference; lastKnownFileType = sourcecode.swift; path = ViewController.swift; sourceTree = "<group>"; };
		C62D38F81C92185700975DEF /* Base */ = {isa = PBXFileReference; lastKnownFileType = file.storyboard; name = Base; path = Base.lproj/Main.storyboard; sourceTree = "<group>"; };
		C62D38FA1C92185700975DEF /* Assets.xcassets */ = {isa = PBXFileReference; lastKnownFileType = folder.assetcatalog; path = Assets.xcassets; sourceTree = "<group>"; };
		C62D38FD1C92185700975DEF /* Base */ = {isa = PBXFileReference; lastKnownFileType = file.storyboard; name = Base; path = Base.lproj/LaunchScreen.storyboard; sourceTree = "<group>"; };
		C62D38FF1C92185700975DEF /* Info.plist */ = {isa = PBXFileReference; lastKnownFileType = text.plist.xml; path = Info.plist; sourceTree = "<group>"; };
		C62D39051C92249A00975DEF /* Podfile */ = {isa = PBXFileReference; fileEncoding = 4; lastKnownFileType = text; path = Podfile; sourceTree = "<group>"; xcLanguageSpecificationIdentifier = xcode.lang.ruby; };
/* End PBXFileReference section */

/* Begin PBXFrameworksBuildPhase section */
		C62D38ED1C92185700975DEF /* Frameworks */ = {
			isa = PBXFrameworksBuildPhase;
			buildActionMask = 2147483647;
			files = (
				1E1CF680027C7776E11851B8 /* libPods.a in Frameworks */,
			);
			runOnlyForDeploymentPostprocessing = 0;
		};
/* End PBXFrameworksBuildPhase section */

/* Begin PBXGroup section */
		6710B42BC0FB216849EEBCE9 /* Pods */ = {
			isa = PBXGroup;
			children = (
				97F593094EF5639B59FEE2D3 /* Pods.debug.xcconfig */,
				40AC4E9A3EE8EF6BECEC4122 /* Pods.release.xcconfig */,
			);
			name = Pods;
			sourceTree = "<group>";
		};
		70DDDF98C907709EC0418388 /* Frameworks */ = {
			isa = PBXGroup;
			children = (
				708B9CA225752C9E593E9418 /* libPods.a */,
			);
			name = Frameworks;
			sourceTree = "<group>";
		};
		C62D38E71C92185700975DEF = {
			isa = PBXGroup;
			children = (
				C62D39051C92249A00975DEF /* Podfile */,
				C62D38F21C92185700975DEF /* GymTour */,
				C62D38F11C92185700975DEF /* Products */,
				6710B42BC0FB216849EEBCE9 /* Pods */,
				70DDDF98C907709EC0418388 /* Frameworks */,
			);
			sourceTree = "<group>";
		};
		C62D38F11C92185700975DEF /* Products */ = {
			isa = PBXGroup;
			children = (
				C62D38F01C92185700975DEF /* GymTour.app */,
			);
			name = Products;
			sourceTree = "<group>";
		};
		C62D38F21C92185700975DEF /* GymTour */ = {
			isa = PBXGroup;
			children = (
				C62D38F31C92185700975DEF /* AppDelegate.swift */,
				C62D38F51C92185700975DEF /* ViewController.swift */,
				C62D38F71C92185700975DEF /* Main.storyboard */,
				C62D38FA1C92185700975DEF /* Assets.xcassets */,
				C62D38FC1C92185700975DEF /* LaunchScreen.storyboard */,
				C62D38FF1C92185700975DEF /* Info.plist */,
			);
			path = GymTour;
			sourceTree = "<group>";
		};
/* End PBXGroup section */

/* Begin PBXNativeTarget section */
		C62D38EF1C92185700975DEF /* GymTour */ = {
			isa = PBXNativeTarget;
			buildConfigurationList = C62D39021C92185700975DEF /* Build configuration list for PBXNativeTarget "GymTour" */;
			buildPhases = (
				A08ACBC2D2C38BAFA9656ACB /* Check Pods Manifest.lock */,
				C62D38EC1C92185700975DEF /* Sources */,
				C62D38ED1C92185700975DEF /* Frameworks */,
				C62D38EE1C92185700975DEF /* Resources */,
				52BF18B80E1A9EF45F0ABAD0 /* Embed Pods Frameworks */,
				4213D1B05464321FC0BE41ED /* Copy Pods Resources */,
			);
			buildRules = (
			);
			dependencies = (
			);
			name = GymTour;
			productName = GymTour;
			productReference = C62D38F01C92185700975DEF /* GymTour.app */;
			productType = "com.apple.product-type.application";
		};
/* End PBXNativeTarget section */

/* Begin PBXProject section */
		C62D38E81C92185700975DEF /* Project object */ = {
			isa = PBXProject;
			attributes = {
				LastSwiftUpdateCheck = 0720;
				LastUpgradeCheck = 0720;
				ORGANIZATIONNAME = "Norbert Grover";
				TargetAttributes = {
					C62D38EF1C92185700975DEF = {
						CreatedOnToolsVersion = 7.2.1;
					};
				};
			};
			buildConfigurationList = C62D38EB1C92185700975DEF /* Build configuration list for PBXProject "GymTour" */;
			compatibilityVersion = "Xcode 3.2";
			developmentRegion = English;
			hasScannedForEncodings = 0;
			knownRegions = (
				en,
				Base,
			);
			mainGroup = C62D38E71C92185700975DEF;
			productRefGroup = C62D38F11C92185700975DEF /* Products */;
			projectDirPath = "";
			projectRoot = "";
			targets = (
				C62D38EF1C92185700975DEF /* GymTour */,
			);
		};
/* End PBXProject section */

/* Begin PBXResourcesBuildPhase section */
		C62D38EE1C92185700975DEF /* Resources */ = {
			isa = PBXResourcesBuildPhase;
			buildActionMask = 2147483647;
			files = (
				C62D38FE1C92185700975DEF /* LaunchScreen.storyboard in Resources */,
				C62D38FB1C92185700975DEF /* Assets.xcassets in Resources */,
				C62D39061C92249A00975DEF /* Podfile in Resources */,
				C62D38F91C92185700975DEF /* Main.storyboard in Resources */,
			);
			runOnlyForDeploymentPostprocessing = 0;
		};
/* End PBXResourcesBuildPhase section */

/* Begin PBXShellScriptBuildPhase section */
		4213D1B05464321FC0BE41ED /* Copy Pods Resources */ = {
			isa = PBXShellScriptBuildPhase;
			buildActionMask = 2147483647;
			files = (
			);
			inputPaths = (
			);
			name = "Copy Pods Resources";
			outputPaths = (
			);
			runOnlyForDeploymentPostprocessing = 0;
			shellPath = /bin/sh;
			shellScript = "\"${SRCROOT}/Pods/Target Support Files/Pods/Pods-resources.sh\"\n";
			showEnvVarsInLog = 0;
		};
		52BF18B80E1A9EF45F0ABAD0 /* Embed Pods Frameworks */ = {
			isa = PBXShellScriptBuildPhase;
			buildActionMask = 2147483647;
			files = (
			);
			inputPaths = (
			);
			name = "Embed Pods Frameworks";
			outputPaths = (
			);
			runOnlyForDeploymentPostprocessing = 0;
			shellPath = /bin/sh;
			shellScript = "\"${SRCROOT}/Pods/Target Support Files/Pods/Pods-frameworks.sh\"\n";
			showEnvVarsInLog = 0;
		};
		A08ACBC2D2C38BAFA9656ACB /* Check Pods Manifest.lock */ = {
			isa = PBXShellScriptBuildPhase;
			buildActionMask = 2147483647;
			files = (
			);
			inputPaths = (
			);
			name = "Check Pods Manifest.lock";
			outputPaths = (
			);
			runOnlyForDeploymentPostprocessing = 0;
			shellPath = /bin/sh;
			shellScript = "diff \"${PODS_ROOT}/../Podfile.lock\" \"${PODS_ROOT}/Manifest.lock\" > /dev/null\nif [[ $? != 0 ]] ; then\n    cat << EOM\nerror: The sandbox is not in sync with the Podfile.lock. Run 'pod install' or update your CocoaPods installation.\nEOM\n    exit 1\nfi\n";
			showEnvVarsInLog = 0;
		};
/* End PBXShellScriptBuildPhase section */

/* Begin PBXSourcesBuildPhase section */
		C62D38EC1C92185700975DEF /* Sources */ = {
			isa = PBXSourcesBuildPhase;
			buildActionMask = 2147483647;
			files = (
				C62D38F61C92185700975DEF /* ViewController.swift in Sources */,
				C62D38F41C92185700975DEF /* AppDelegate.swift in Sources */,
			);
			runOnlyForDeploymentPostprocessing = 0;
		};
/* End PBXSourcesBuildPhase section */

/* Begin PBXVariantGroup section */
		C62D38F71C92185700975DEF /* Main.storyboard */ = {
			isa = PBXVariantGroup;
			children = (
				C62D38F81C92185700975DEF /* Base */,
			);
			name = Main.storyboard;
			sourceTree = "<group>";
		};
		C62D38FC1C92185700975DEF /* LaunchScreen.storyboard */ = {
			isa = PBXVariantGroup;
			children = (
				C62D38FD1C92185700975DEF /* Base */,
			);
			name = LaunchScreen.storyboard;
			sourceTree = "<group>";
		};
/* End PBXVariantGroup section */

/* Begin XCBuildConfiguration section */
		C62D39001C92185700975DEF /* Debug */ = {
			isa = XCBuildConfiguration;
			buildSettings = {
				ALWAYS_SEARCH_USER_PATHS = NO;
				CLANG_CXX_LANGUAGE_STANDARD = "gnu++0x";
				CLANG_CXX_LIBRARY = "libc++";
				CLANG_ENABLE_MODULES = YES;
				CLANG_ENABLE_OBJC_ARC = YES;
				CLANG_WARN_BOOL_CONVERSION = YES;
				CLANG_WARN_CONSTANT_CONVERSION = YES;
				CLANG_WARN_DIRECT_OBJC_ISA_USAGE = YES_ERROR;
				CLANG_WARN_EMPTY_BODY = YES;
				CLANG_WARN_ENUM_CONVERSION = YES;
				CLANG_WARN_INT_CONVERSION = YES;
				CLANG_WARN_OBJC_ROOT_CLASS = YES_ERROR;
				CLANG_WARN_UNREACHABLE_CODE = YES;
				CLANG_WARN__DUPLICATE_METHOD_MATCH = YES;
				"CODE_SIGN_IDENTITY[sdk=iphoneos*]" = "iPhone Developer";
				COPY_PHASE_STRIP = NO;
				DEBUG_INFORMATION_FORMAT = dwarf;
				ENABLE_STRICT_OBJC_MSGSEND = YES;
				ENABLE_TESTABILITY = YES;
				GCC_C_LANGUAGE_STANDARD = gnu99;
				GCC_DYNAMIC_NO_PIC = NO;
				GCC_NO_COMMON_BLOCKS = YES;
				GCC_OPTIMIZATION_LEVEL = 0;
				GCC_PREPROCESSOR_DEFINITIONS = (
					"DEBUG=1",
					"$(inherited)",
				);
				GCC_WARN_64_TO_32_BIT_CONVERSION = YES;
				GCC_WARN_ABOUT_RETURN_TYPE = YES_ERROR;
				GCC_WARN_UNDECLARED_SELECTOR = YES;
				GCC_WARN_UNINITIALIZED_AUTOS = YES_AGGRESSIVE;
				GCC_WARN_UNUSED_FUNCTION = YES;
				GCC_WARN_UNUSED_VARIABLE = YES;
				IPHONEOS_DEPLOYMENT_TARGET = 9.2;
				MTL_ENABLE_DEBUG_INFO = YES;
				ONLY_ACTIVE_ARCH = YES;
				SDKROOT = iphoneos;
				SWIFT_OPTIMIZATION_LEVEL = "-Onone";
			};
			name = Debug;
		};
		C62D39011C92185700975DEF /* Release */ = {
			isa = XCBuildConfiguration;
			buildSettings = {
				ALWAYS_SEARCH_USER_PATHS = NO;
				CLANG_CXX_LANGUAGE_STANDARD = "gnu++0x";
				CLANG_CXX_LIBRARY = "libc++";
				CLANG_ENABLE_MODULES = YES;
				CLANG_ENABLE_OBJC_ARC = YES;
				CLANG_WARN_BOOL_CONVERSION = YES;
				CLANG_WARN_CONSTANT_CONVERSION = YES;
				CLANG_WARN_DIRECT_OBJC_ISA_USAGE = YES_ERROR;
				CLANG_WARN_EMPTY_BODY = YES;
				CLANG_WARN_ENUM_CONVERSION = YES;
				CLANG_WARN_INT_CONVERSION = YES;
				CLANG_WARN_OBJC_ROOT_CLASS = YES_ERROR;
				CLANG_WARN_UNREACHABLE_CODE = YES;
				CLANG_WARN__DUPLICATE_METHOD_MATCH = YES;
				"CODE_SIGN_IDENTITY[sdk=iphoneos*]" = "iPhone Developer";
				COPY_PHASE_STRIP = NO;
				DEBUG_INFORMATION_FORMAT = "dwarf-with-dsym";
				ENABLE_NS_ASSERTIONS = NO;
				ENABLE_STRICT_OBJC_MSGSEND = YES;
				GCC_C_LANGUAGE_STANDARD = gnu99;
				GCC_NO_COMMON_BLOCKS = YES;
				GCC_WARN_64_TO_32_BIT_CONVERSION = YES;
				GCC_WARN_ABOUT_RETURN_TYPE = YES_ERROR;
				GCC_WARN_UNDECLARED_SELECTOR = YES;
				GCC_WARN_UNINITIALIZED_AUTOS = YES_AGGRESSIVE;
				GCC_WARN_UNUSED_FUNCTION = YES;
				GCC_WARN_UNUSED_VARIABLE = YES;
				IPHONEOS_DEPLOYMENT_TARGET = 9.2;
				MTL_ENABLE_DEBUG_INFO = NO;
				SDKROOT = iphoneos;
				VALIDATE_PRODUCT = YES;
			};
			name = Release;
		};
		C62D39031C92185700975DEF /* Debug */ = {
			isa = XCBuildConfiguration;
			baseConfigurationReference = 97F593094EF5639B59FEE2D3 /* Pods.debug.xcconfig */;
			buildSettings = {
				ASSETCATALOG_COMPILER_APPICON_NAME = AppIcon;
				INFOPLIST_FILE = GymTour/Info.plist;
				LD_RUNPATH_SEARCH_PATHS = "$(inherited) @executable_path/Frameworks";
				PRODUCT_BUNDLE_IDENTIFIER = GroverTech.GymTour;
				PRODUCT_NAME = "$(TARGET_NAME)";
			};
			name = Debug;
		};
		C62D39041C92185700975DEF /* Release */ = {
			isa = XCBuildConfiguration;
			baseConfigurationReference = 40AC4E9A3EE8EF6BECEC4122 /* Pods.release.xcconfig */;
			buildSettings = {
				ASSETCATALOG_COMPILER_APPICON_NAME = AppIcon;
				INFOPLIST_FILE = GymTour/Info.plist;
				LD_RUNPATH_SEARCH_PATHS = "$(inherited) @executable_path/Frameworks";
				PRODUCT_BUNDLE_IDENTIFIER = GroverTech.GymTour;
				PRODUCT_NAME = "$(TARGET_NAME)";
			};
			name = Release;
		};
/* End XCBuildConfiguration section */

/* Begin XCConfigurationList section */
		C62D38EB1C92185700975DEF /* Build configuration list for PBXProject "GymTour" */ = {
			isa = XCConfigurationList;
			buildConfigurations = (
				C62D39001C92185700975DEF /* Debug */,
				C62D39011C92185700975DEF /* Release */,
			);
			defaultConfigurationIsVisible = 0;
			defaultConfigurationName = Release;
		};
		C62D39021C92185700975DEF /* Build configuration list for PBXNativeTarget "GymTour" */ = {
			isa = XCConfigurationList;
			buildConfigurations = (
				C62D39031C92185700975DEF /* Debug */,
				C62D39041C92185700975DEF /* Release */,
			);
			defaultConfigurationIsVisible = 0;
			defaultConfigurationName = Release;
		};
/* End XCConfigurationList section */
	};
	rootObject = C62D38E81C92185700975DEF /* Project object */;
}
